
Microsoft Visual Studio Solution File, Format Version 12.00
# Visual Studio Version 16
VisualStudioVersion = 16.0.30907.101
MinimumVisualStudioVersion = 10.0.40219.1
Project("{FAE04EC0-301F-11D3-BF4B-00C04F79EFBC}") = "RobS-DemoJhaApp", "RobS-DemoJhaApp.csproj", "{8C68094A-1416-4D47-A3EE-5F6024F3104E}"
EndProject
Global
	GlobalSection(SolutionConfigurationPlatforms) = preSolution
		Debug|Any CPU = Debug|Any CPU
		Release|Any CPU = Release|Any CPU
	EndGlobalSection
	GlobalSection(ProjectConfigurationPlatforms) = postSolution
		{8C68094A-1416-4D47-A3EE-5F6024F3104E}.Debug|Any CPU.ActiveCfg = Debug|Any CPU
		{8C68094A-1416-4D47-A3EE-5F6024F3104E}.Debug|Any CPU.Build.0 = Debug|Any CPU
		{8C68094A-1416-4D47-A3EE-5F6024F3104E}.Release|Any CPU.ActiveCfg = Release|Any CPU
		{8C68094A-1416-4D47-A3EE-5F6024F3104E}.Release|Any CPU.Build.0 = Release|Any CPU
	EndGlobalSection
	GlobalSection(SolutionProperties) = preSolution
		HideSolutionNode = FALSE
	EndGlobalSection
	GlobalSection(ExtensibilityGlobals) = postSolution
		SolutionGuid = {9BEED2A7-1454-4DD3-8B42-70A82B2936D9}
	EndGlobalSection
EndGlobal
